
Microsoft Visual Studio Solution File, Format Version 12.00
# Visual Studio Version 16
VisualStudioVersion = 16.0.30907.101
MinimumVisualStudioVersion = 10.0.40219.1
Project("{8BC9CEB8-8B4A-11D0-8D11-00A0C91BC942}") = "day02", "day02\day02.vcxproj", "{640391ED-6151-449A-9B34-297E4D26FEAB}"
EndProject
Global
	GlobalSection(SolutionConfigurationPlatforms) = preSolution
		Debug|x64 = Debug|x64
		Debug|x86 = Debug|x86
		Release|x64 = Release|x64
		Release|x86 = Release|x86
	EndGlobalSection
	GlobalSection(ProjectConfigurationPlatforms) = postSolution
		{640391ED-6151-449A-9B34-297E4D26FEAB}.Debug|x64.ActiveCfg = Debug|x64
		{640391ED-6151-449A-9B34-297E4D26FEAB}.Debug|x64.Build.0 = Debug|x64
		{640391ED-6151-449A-9B34-297E4D26FEAB}.Debug|x86.ActiveCfg = Debug|Win32
		{640391ED-6151-449A-9B34-297E4D26FEAB}.Debug|x86.Build.0 = Debug|Win32
		{640391ED-6151-449A-9B34-297E4D26FEAB}.Release|x64.ActiveCfg = Release|x64
		{640391ED-6151-449A-9B34-297E4D26FEAB}.Release|x64.Build.0 = Release|x64
		{640391ED-6151-449A-9B34-297E4D26FEAB}.Release|x86.ActiveCfg = Release|Win32
		{640391ED-6151-449A-9B34-297E4D26FEAB}.Release|x86.Build.0 = Release|Win32
	EndGlobalSection
	GlobalSection(SolutionProperties) = preSolution
		HideSolutionNode = FALSE
	EndGlobalSection
	GlobalSection(ExtensibilityGlobals) = postSolution
		SolutionGuid = {DB52D758-7A79-4603-A744-77285318FA93}
	EndGlobalSection
EndGlobal
